{
  "name": "lab1",
  "version": "1.0.0",
  "lockfileVersion": 3,
  "requires": true,
  "packages": {
    "": {
      "name": "lab1",
      "version": "1.0.0",
      "license": "ISC",
      "devDependencies": {
        "modules_x": "file:modules_x"
      }
    },
    "modules_x": {
      "version": "1.0.0",
      "dev": true,
      "license": "ISC"
    },
    "node_modules/modules_x": {
      "resolved": "modules_x",
      "link": true
    }
  }
}
